
Microsoft Visual Studio Solution File, Format Version 12.00
# Visual Studio Version 17
VisualStudioVersion = 17.0.31611.283
MinimumVisualStudioVersion = 10.0.40219.1
Project("{9A19103F-16F7-4668-BE54-9A1E7A4F7556}") = "Dook", "Dook.csproj", "{3602FF26-C2CC-47DC-87CB-E8AC8298A680}"
EndProject
Project("{2150E333-8FDC-42A3-9474-1A3956D46DE8}") = "Web", "Web", "{500C5B3E-16F5-4C8F-BBAA-4B876C2FBCDB}"
EndProject
Project("{2150E333-8FDC-42A3-9474-1A3956D46DE8}") = "Shared", "Shared", "{A43865DB-FC09-4586-B792-5EC196D0A19B}"
EndProject
Project("{9A19103F-16F7-4668-BE54-9A1E7A4F7556}") = "Dook.Shared", "..\Dook.Shared\Dook.Shared.csproj", "{799CE312-9C79-4EB0-B476-D144D3DEC602}"
EndProject
Project("{9A19103F-16F7-4668-BE54-9A1E7A4F7556}") = "Dook.ASPCoreWebAPI", "..\Dook.ASPCoreWebAPI\Dook.ASPCoreWebAPI.csproj", "{E40391D4-0A12-414C-A871-9C5A132FEA32}"
EndProject
Global
	GlobalSection(SolutionConfigurationPlatforms) = preSolution
		Debug|Any CPU = Debug|Any CPU
		Release|Any CPU = Release|Any CPU
	EndGlobalSection
	GlobalSection(ProjectConfigurationPlatforms) = postSolution
		{3602FF26-C2CC-47DC-87CB-E8AC8298A680}.Debug|Any CPU.ActiveCfg = Debug|Any CPU
		{3602FF26-C2CC-47DC-87CB-E8AC8298A680}.Debug|Any CPU.Build.0 = Debug|Any CPU
		{3602FF26-C2CC-47DC-87CB-E8AC8298A680}.Debug|Any CPU.Deploy.0 = Debug|Any CPU
		{3602FF26-C2CC-47DC-87CB-E8AC8298A680}.Release|Any CPU.ActiveCfg = Release|Any CPU
		{3602FF26-C2CC-47DC-87CB-E8AC8298A680}.Release|Any CPU.Build.0 = Release|Any CPU
		{3602FF26-C2CC-47DC-87CB-E8AC8298A680}.Release|Any CPU.Deploy.0 = Release|Any CPU
		{799CE312-9C79-4EB0-B476-D144D3DEC602}.Debug|Any CPU.ActiveCfg = Debug|Any CPU
		{799CE312-9C79-4EB0-B476-D144D3DEC602}.Debug|Any CPU.Build.0 = Debug|Any CPU
		{799CE312-9C79-4EB0-B476-D144D3DEC602}.Release|Any CPU.ActiveCfg = Release|Any CPU
		{799CE312-9C79-4EB0-B476-D144D3DEC602}.Release|Any CPU.Build.0 = Release|Any CPU
		{E40391D4-0A12-414C-A871-9C5A132FEA32}.Debug|Any CPU.ActiveCfg = Debug|Any CPU
		{E40391D4-0A12-414C-A871-9C5A132FEA32}.Debug|Any CPU.Build.0 = Debug|Any CPU
		{E40391D4-0A12-414C-A871-9C5A132FEA32}.Release|Any CPU.ActiveCfg = Release|Any CPU
		{E40391D4-0A12-414C-A871-9C5A132FEA32}.Release|Any CPU.Build.0 = Release|Any CPU
	EndGlobalSection
	GlobalSection(SolutionProperties) = preSolution
		HideSolutionNode = FALSE
	EndGlobalSection
	GlobalSection(NestedProjects) = preSolution
		{799CE312-9C79-4EB0-B476-D144D3DEC602} = {A43865DB-FC09-4586-B792-5EC196D0A19B}
		{E40391D4-0A12-414C-A871-9C5A132FEA32} = {500C5B3E-16F5-4C8F-BBAA-4B876C2FBCDB}
	EndGlobalSection
	GlobalSection(ExtensibilityGlobals) = postSolution
		SolutionGuid = {61F7FB11-1E47-470C-91E2-47F8143E1572}
	EndGlobalSection
EndGlobal
