
Microsoft Visual Studio Solution File, Format Version 12.00
# Visual Studio Version 17
VisualStudioVersion = 17.7.34031.279
MinimumVisualStudioVersion = 10.0.40219.1
Project("{FAE04EC0-301F-11D3-BF4B-00C04F79EFBC}") = "DookToilets", "DookToilets.csproj", "{25C83B7F-2243-4334-B1F7-D1617B6BB5CE}"
EndProject
Global
	GlobalSection(SolutionConfigurationPlatforms) = preSolution
		Debug|Any CPU = Debug|Any CPU
		Release|Any CPU = Release|Any CPU
	EndGlobalSection
	GlobalSection(ProjectConfigurationPlatforms) = postSolution
		{25C83B7F-2243-4334-B1F7-D1617B6BB5CE}.Debug|Any CPU.ActiveCfg = Debug|Any CPU
		{25C83B7F-2243-4334-B1F7-D1617B6BB5CE}.Debug|Any CPU.Build.0 = Debug|Any CPU
		{25C83B7F-2243-4334-B1F7-D1617B6BB5CE}.Debug|Any CPU.Deploy.0 = Debug|Any CPU
		{25C83B7F-2243-4334-B1F7-D1617B6BB5CE}.Release|Any CPU.ActiveCfg = Release|Any CPU
		{25C83B7F-2243-4334-B1F7-D1617B6BB5CE}.Release|Any CPU.Build.0 = Release|Any CPU
		{25C83B7F-2243-4334-B1F7-D1617B6BB5CE}.Release|Any CPU.Deploy.0 = Release|Any CPU
	EndGlobalSection
	GlobalSection(SolutionProperties) = preSolution
		HideSolutionNode = FALSE
	EndGlobalSection
	GlobalSection(ExtensibilityGlobals) = postSolution
		SolutionGuid = {1A807296-C82B-45AB-94FF-7557BA9EDB64}
	EndGlobalSection
EndGlobal
